<?xml version="1.0" encoding="utf-8"?>
<Project ToolsVersion="4.0" xmlns="http://schemas.microsoft.com/developer/msbuild/2003">
  <ItemGroup>
    <ClCompile Include="add_image.c" />
    <ClCompile Include="avl_tree.c" />
    <ClCompile Include="blob_table.c" />
    <ClCompile Include="compress.c" />
    <ClCompile Include="compress_common.c" />
    <ClCompile Include="compress_parallel.c" />
    <ClCompile Include="compress_serial.c" />
    <ClCompile Include="cpu_features.c" />
    <ClCompile Include="decompress.c" />
    <ClCompile Include="decompress_common.c" />
    <ClCompile Include="delete_image.c" />
    <ClCompile Include="dentry.c" />
    <ClCompile Include="divsufsort.c" />
    <ClCompile Include="encoding.c" />
    <ClCompile Include="error.c" />
    <ClCompile Include="export_image.c" />
    <ClCompile Include="extract.c" />
    <ClCompile Include="file_io.c" />
    <ClCompile Include="header.c" />
    <ClCompile Include="inode.c" />
    <ClCompile Include="inode_fixup.c" />
    <ClCompile Include="inode_table.c" />
    <ClCompile Include="integrity.c" />
    <ClCompile Include="iterate_dir.c" />
    <ClCompile Include="join.c" />
    <ClCompile Include="lcpit_matchfinder.c" />
    <ClCompile Include="lzms_common.c" />
    <ClCompile Include="lzms_compress.c" />
    <ClCompile Include="lzms_decompress.c" />
    <ClCompile Include="lzx_common.c" />
    <ClCompile Include="lzx_compress.c" />
    <ClCompile Include="lzx_decompress.c" />
    <ClCompile Include="metadata_resource.c" />
    <ClCompile Include="mount_image.c" />
    <ClCompile Include="pathlist.c" />
    <ClCompile Include="paths.c" />
    <ClCompile Include="pattern.c" />
    <ClCompile Include="progress.c" />
    <ClCompile Include="reference.c" />
    <ClCompile Include="registry.c" />
    <ClCompile Include="reparse.c" />
    <ClCompile Include="resource.c" />
    <ClCompile Include="scan.c" />
    <ClCompile Include="security.c" />
    <ClCompile Include="sha1.c" />
    <ClCompile Include="solid.c" />
    <ClCompile Include="split.c" />
    <ClCompile Include="tagged_items.c" />
    <ClCompile Include="template.c" />
    <ClCompile Include="test_support.c" />
    <ClCompile Include="textfile.c" />
    <ClCompile Include="threads.c" />
    <ClCompile Include="timestamp.c" />
    <ClCompile Include="update_image.c" />
    <ClCompile Include="util.c" />
    <ClCompile Include="verify.c" />
    <ClCompile Include="wim.c" />
    <ClCompile Include="wimboot.c" />
    <ClCompile Include="win32_apply.c" />
    <ClCompile Include="win32_capture.c" />
    <ClCompile Include="win32_common.c" />
    <ClCompile Include="win32_replacements.c" />
    <ClCompile Include="win32_vss.c" />
    <ClCompile Include="write.c" />
    <ClCompile Include="xml.c" />
    <ClCompile Include="xmlproc.c" />
    <ClCompile Include="xml_windows.c" />
    <ClCompile Include="xpress_compress.c" />
    <ClCompile Include="xpress_decompress.c" />
  </ItemGroup>
  <ItemGroup>
    <Filter Include="Header Files">
      <UniqueIdentifier>{e182d838-1788-4e34-843f-c7fe9df170f4}</UniqueIdentifier>
    </Filter>
  </ItemGroup>
  <ItemGroup>
    <ClInclude Include="..\include\wimlib.h">
      <Filter>Header Files</Filter>
    </ClInclude>
    <ClInclude Include="..\include\wimlib_tchar.h">
      <Filter>Header Files</Filter>
    </ClInclude>
    <ClInclude Include="..\include\wimlib\alloca.h">
      <Filter>Header Files</Filter>
    </ClInclude>
    <ClInclude Include="..\include\wimlib\apply.h">
      <Filter>Header Files</Filter>
    </ClInclude>
    <ClInclude Include="..\include\wimlib\assert.h">
      <Filter>Header Files</Filter>
    </ClInclude>
    <ClInclude Include="..\include\wimlib\avl_tree.h">
      <Filter>Header Files</Filter>
    </ClInclude>
    <ClInclude Include="..\include\wimlib\bitops.h">
      <Filter>Header Files</Filter>
    </ClInclude>
    <ClInclude Include="..\include\wimlib\blob_table.h">
      <Filter>Header Files</Filter>
    </ClInclude>
    <ClInclude Include="..\include\wimlib\bt_matchfinder.h">
      <Filter>Header Files</Filter>
    </ClInclude>
    <ClInclude Include="..\include\wimlib\case.h">
      <Filter>Header Files</Filter>
    </ClInclude>
    <ClInclude Include="..\include\wimlib\chunk_compressor.h">
      <Filter>Header Files</Filter>
    </ClInclude>
    <ClInclude Include="..\include\wimlib\compiler.h">
      <Filter>Header Files</Filter>
    </ClInclude>
    <ClInclude Include="..\include\wimlib\compress_common.h">
      <Filter>Header Files</Filter>
    </ClInclude>
    <ClInclude Include="..\include\wimlib\compressor_ops.h">
      <Filter>Header Files</Filter>
    </ClInclude>
    <ClInclude Include="..\include\wimlib\cpu_features.h">
      <Filter>Header Files</Filter>
    </ClInclude>
    <ClInclude Include="..\include\wimlib\decompress_common.h">
      <Filter>Header Files</Filter>
    </ClInclude>
    <ClInclude Include="..\include\wimlib\decompressor_ops.h">
      <Filter>Header Files</Filter>
    </ClInclude>
    <ClInclude Include="..\include\wimlib\dentry.h">
      <Filter>Header Files</Filter>
    </ClInclude>
    <ClInclude Include="..\include\wimlib\divsufsort.h">
      <Filter>Header Files</Filter>
    </ClInclude>
    <ClInclude Include="..\include\wimlib\encoding.h">
      <Filter>Header Files</Filter>
    </ClInclude>
    <ClInclude Include="..\include\wimlib\endianness.h">
      <Filter>Header Files</Filter>
    </ClInclude>
    <ClInclude Include="..\include\wimlib\error.h">
      <Filter>Header Files</Filter>
    </ClInclude>
    <ClInclude Include="..\include\wimlib\file_io.h">
      <Filter>Header Files</Filter>
    </ClInclude>
    <ClInclude Include="..\include\wimlib\glob.h">
      <Filter>Header Files</Filter>
    </ClInclude>
    <ClInclude Include="..\include\wimlib\guid.h">
      <Filter>Header Files</Filter>
    </ClInclude>
    <ClInclude Include="..\include\wimlib\hc_matchfinder.h">
      <Filter>Header Files</Filter>
    </ClInclude>
    <ClInclude Include="..\include\wimlib\header.h">
      <Filter>Header Files</Filter>
    </ClInclude>
    <ClInclude Include="..\include\wimlib\inode.h">
      <Filter>Header Files</Filter>
    </ClInclude>
    <ClInclude Include="..\include\wimlib\inode_table.h">
      <Filter>Header Files</Filter>
    </ClInclude>
    <ClInclude Include="..\include\wimlib\integrity.h">
      <Filter>Header Files</Filter>
    </ClInclude>
    <ClInclude Include="..\include\wimlib\lcpit_matchfinder.h">
      <Filter>Header Files</Filter>
    </ClInclude>
    <ClInclude Include="..\include\wimlib\list.h">
      <Filter>Header Files</Filter>
    </ClInclude>
    <ClInclude Include="..\include\wimlib\lzms_common.h">
      <Filter>Header Files</Filter>
    </ClInclude>
    <ClInclude Include="..\include\wimlib\lzms_constants.h">
      <Filter>Header Files</Filter>
    </ClInclude>
    <ClInclude Include="..\include\wimlib\lzx_common.h">
      <Filter>Header Files</Filter>
    </ClInclude>
    <ClInclude Include="..\include\wimlib\lzx_constants.h">
      <Filter>Header Files</Filter>
    </ClInclude>
    <ClInclude Include="..\include\wimlib\matchfinder_common.h">
      <Filter>Header Files</Filter>
    </ClInclude>
    <ClInclude Include="..\include\wimlib\metadata.h">
      <Filter>Header Files</Filter>
    </ClInclude>
    <ClInclude Include="..\include\wimlib\ntfs_3g.h">
      <Filter>Header Files</Filter>
    </ClInclude>
    <ClInclude Include="..\include\wimlib\object_id.h">
      <Filter>Header Files</Filter>
    </ClInclude>
    <ClInclude Include="..\include\wimlib\pathlist.h">
      <Filter>Header Files</Filter>
    </ClInclude>
    <ClInclude Include="..\include\wimlib\paths.h">
      <Filter>Header Files</Filter>
    </ClInclude>
    <ClInclude Include="..\include\wimlib\pattern.h">
      <Filter>Header Files</Filter>
    </ClInclude>
    <ClInclude Include="..\include\wimlib\progress.h">
      <Filter>Header Files</Filter>
    </ClInclude>
    <ClInclude Include="..\include\wimlib\registry.h">
      <Filter>Header Files</Filter>
    </ClInclude>
    <ClInclude Include="..\include\wimlib\reparse.h">
      <Filter>Header Files</Filter>
    </ClInclude>
    <ClInclude Include="..\include\wimlib\resource.h">
      <Filter>Header Files</Filter>
    </ClInclude>
    <ClInclude Include="..\include\wimlib\scan.h">
      <Filter>Header Files</Filter>
    </ClInclude>
    <ClInclude Include="..\include\wimlib\security.h">
      <Filter>Header Files</Filter>
    </ClInclude>
    <ClInclude Include="..\include\wimlib\security_descriptor.h">
      <Filter>Header Files</Filter>
    </ClInclude>
    <ClInclude Include="..\include\wimlib\sha1.h">
      <Filter>Header Files</Filter>
    </ClInclude>
    <ClInclude Include="..\include\wimlib\solid.h">
      <Filter>Header Files</Filter>
    </ClInclude>
    <ClInclude Include="..\include\wimlib\tagged_items.h">
      <Filter>Header Files</Filter>
    </ClInclude>
    <ClInclude Include="..\include\wimlib\test_support.h">
      <Filter>Header Files</Filter>
    </ClInclude>
    <ClInclude Include="..\include\wimlib\textfile.h">
      <Filter>Header Files</Filter>
    </ClInclude>
    <ClInclude Include="..\include\wimlib\threads.h">
      <Filter>Header Files</Filter>
    </ClInclude>
    <ClInclude Include="..\include\wimlib\timestamp.h">
      <Filter>Header Files</Filter>
    </ClInclude>
    <ClInclude Include="..\include\wimlib\types.h">
      <Filter>Header Files</Filter>
    </ClInclude>
    <ClInclude Include="..\include\wimlib\unaligned.h">
      <Filter>Header Files</Filter>
    </ClInclude>
    <ClInclude Include="..\include\wimlib\unix_data.h">
      <Filter>Header Files</Filter>
    </ClInclude>
    <ClInclude Include="..\include\wimlib\util.h">
      <Filter>Header Files</Filter>
    </ClInclude>
    <ClInclude Include="..\include\wimlib\wim.h">
      <Filter>Header Files</Filter>
    </ClInclude>
    <ClInclude Include="..\include\wimlib\wimboot.h">
      <Filter>Header Files</Filter>
    </ClInclude>
    <ClInclude Include="..\include\wimlib\win32.h">
      <Filter>Header Files</Filter>
    </ClInclude>
    <ClInclude Include="..\include\wimlib\win32_common.h">
      <Filter>Header Files</Filter>
    </ClInclude>
    <ClInclude Include="..\include\wimlib\win32_vss.h">
      <Filter>Header Files</Filter>
    </ClInclude>
    <ClInclude Include="..\include\wimlib\wof.h">
      <Filter>Header Files</Filter>
    </ClInclude>
    <ClInclude Include="..\include\wimlib\write.h">
      <Filter>Header Files</Filter>
    </ClInclude>
    <ClInclude Include="..\include\wimlib\xattr.h">
      <Filter>Header Files</Filter>
    </ClInclude>
    <ClInclude Include="..\include\wimlib\xml.h">
      <Filter>Header Files</Filter>
    </ClInclude>
    <ClInclude Include="..\include\wimlib\xml_windows.h">
      <Filter>Header Files</Filter>
    </ClInclude>
    <ClInclude Include="..\include\wimlib\xmlproc.h">
      <Filter>Header Files</Filter>
    </ClInclude>
    <ClInclude Include="..\include\wimlib\xpress_constants.h">
      <Filter>Header Files</Filter>
    </ClInclude>
    <ClInclude Include="..\include\msvc\unistd.h">
      <Filter>Header Files</Filter>
    </ClInclude>
  </ItemGroup>
</Project>